
Microsoft Visual Studio Solution File, Format Version 12.00
# Visual Studio Version 16
VisualStudioVersion = 16.0.30011.22
MinimumVisualStudioVersion = 10.0.40219.1
Project("{FAE04EC0-301F-11D3-BF4B-00C04F79EFBC}") = "startNetCore", "startNetCore\startNetCore.csproj", "{B27FA57E-5A2C-4F73-ACFD-18C108CE24BE}"
EndProject
Global
	GlobalSection(SolutionConfigurationPlatforms) = preSolution
		Debug|Any CPU = Debug|Any CPU
		Release|Any CPU = Release|Any CPU
	EndGlobalSection
	GlobalSection(ProjectConfigurationPlatforms) = postSolution
		{B27FA57E-5A2C-4F73-ACFD-18C108CE24BE}.Debug|Any CPU.ActiveCfg = Debug|Any CPU
		{B27FA57E-5A2C-4F73-ACFD-18C108CE24BE}.Debug|Any CPU.Build.0 = Debug|Any CPU
		{B27FA57E-5A2C-4F73-ACFD-18C108CE24BE}.Release|Any CPU.ActiveCfg = Release|Any CPU
		{B27FA57E-5A2C-4F73-ACFD-18C108CE24BE}.Release|Any CPU.Build.0 = Release|Any CPU
	EndGlobalSection
	GlobalSection(SolutionProperties) = preSolution
		HideSolutionNode = FALSE
	EndGlobalSection
	GlobalSection(ExtensibilityGlobals) = postSolution
		SolutionGuid = {149CED23-E62A-452B-AA7C-B42D3A81BB26}
	EndGlobalSection
EndGlobal
